
Microsoft Visual Studio Solution File, Format Version 12.00
# Visual Studio 14
VisualStudioVersion = 14.0.23107.0
MinimumVisualStudioVersion = 10.0.40219.1
Project("{FAE04EC0-301F-11D3-BF4B-00C04F79EFBC}") = "Pong", "Pong\Pong.csproj", "{7F913212-5AB1-4571-9F98-281F74FBEC4E}"
EndProject
Project("{2150E333-8FDC-42A3-9474-1A3956D46DE8}") = "Solution Items", "Solution Items", "{CE72D865-F1E8-4E19-AFC4-70A44794C3B4}"
	ProjectSection(SolutionItems) = preProject
		TextFile1.txt = TextFile1.txt
	EndProjectSection
EndProject
Global
	GlobalSection(SolutionConfigurationPlatforms) = preSolution
		Debug|Any CPU = Debug|Any CPU
		Release|Any CPU = Release|Any CPU
	EndGlobalSection
	GlobalSection(ProjectConfigurationPlatforms) = postSolution
		{7F913212-5AB1-4571-9F98-281F74FBEC4E}.Debug|Any CPU.ActiveCfg = Debug|Any CPU
		{7F913212-5AB1-4571-9F98-281F74FBEC4E}.Debug|Any CPU.Build.0 = Debug|Any CPU
		{7F913212-5AB1-4571-9F98-281F74FBEC4E}.Release|Any CPU.ActiveCfg = Release|Any CPU
		{7F913212-5AB1-4571-9F98-281F74FBEC4E}.Release|Any CPU.Build.0 = Release|Any CPU
	EndGlobalSection
	GlobalSection(SolutionProperties) = preSolution
		HideSolutionNode = FALSE
	EndGlobalSection
EndGlobal
